// !$*UTF8*$!
{
	archiveVersion = 1;
	classes = {
	};
	objectVersion = 46;
	objects = {

/* Begin PBXBuildFile section */
		5C1443921B6DA5CC00C8DF99 /* AppDelegate.swift in Sources */ = {isa = PBXBuildFile; fileRef = 5C1443911B6DA5CC00C8DF99 /* AppDelegate.swift */; };
		5C1443941B6DA5CC00C8DF99 /* ViewController.swift in Sources */ = {isa = PBXBuildFile; fileRef = 5C1443931B6DA5CC00C8DF99 /* ViewController.swift */; };
		5C1443971B6DA5CC00C8DF99 /* Main.storyboard in Resources */ = {isa = PBXBuildFile; fileRef = 5C1443951B6DA5CC00C8DF99 /* Main.storyboard */; };
		5C1443991B6DA5CC00C8DF99 /* Images.xcassets in Resources */ = {isa = PBXBuildFile; fileRef = 5C1443981B6DA5CC00C8DF99 /* Images.xcassets */; };
		5C14439C1B6DA5CC00C8DF99 /* LaunchScreen.xib in Resources */ = {isa = PBXBuildFile; fileRef = 5C14439A1B6DA5CC00C8DF99 /* LaunchScreen.xib */; };
		5C1443A81B6DA5CC00C8DF99 /* RatingsTests.swift in Sources */ = {isa = PBXBuildFile; fileRef = 5C1443A71B6DA5CC00C8DF99 /* RatingsTests.swift */; };
		5C1443B21B6E3D2E00C8DF99 /* Images in Resources */ = {isa = PBXBuildFile; fileRef = 5C1443B11B6E3D2E00C8DF99 /* Images */; };
		5C1443B41B6E425400C8DF99 /* PlayersTableViewController.swift in Sources */ = {isa = PBXBuildFile; fileRef = 5C1443B31B6E425400C8DF99 /* PlayersTableViewController.swift */; };
		5C1443B61B6E42F700C8DF99 /* Player.swift in Sources */ = {isa = PBXBuildFile; fileRef = 5C1443B51B6E42F700C8DF99 /* Player.swift */; };
/* End PBXBuildFile section */

/* Begin PBXContainerItemProxy section */
		5C1443A21B6DA5CC00C8DF99 /* PBXContainerItemProxy */ = {
			isa = PBXContainerItemProxy;
			containerPortal = 5C1443841B6DA5CC00C8DF99 /* Project object */;
			proxyType = 1;
			remoteGlobalIDString = 5C14438B1B6DA5CC00C8DF99;
			remoteInfo = Ratings;
		};
/* End PBXContainerItemProxy section */

/* Begin PBXFileReference section */
		5C14438C1B6DA5CC00C8DF99 /* Ratings.app */ = {isa = PBXFileReference; explicitFileType = wrapper.application; includeInIndex = 0; path = Ratings.app; sourceTree = BUILT_PRODUCTS_DIR; };
		5C1443901B6DA5CC00C8DF99 /* Info.plist */ = {isa = PBXFileReference; lastKnownFileType = text.plist.xml; path = Info.plist; sourceTree = "<group>"; };
		5C1443911B6DA5CC00C8DF99 /* AppDelegate.swift */ = {isa = PBXFileReference; lastKnownFileType = sourcecode.swift; path = AppDelegate.swift; sourceTree = "<group>"; };
		5C1443931B6DA5CC00C8DF99 /* ViewController.swift */ = {isa = PBXFileReference; lastKnownFileType = sourcecode.swift; path = ViewController.swift; sourceTree = "<group>"; };
		5C1443961B6DA5CC00C8DF99 /* Base */ = {isa = PBXFileReference; lastKnownFileType = file.storyboard; name = Base; path = Base.lproj/Main.storyboard; sourceTree = "<group>"; };
		5C1443981B6DA5CC00C8DF99 /* Images.xcassets */ = {isa = PBXFileReference; lastKnownFileType = folder.assetcatalog; path = Images.xcassets; sourceTree = "<group>"; };
		5C14439B1B6DA5CC00C8DF99 /* Base */ = {isa = PBXFileReference; lastKnownFileType = file.xib; name = Base; path = Base.lproj/LaunchScreen.xib; sourceTree = "<group>"; };
		5C1443A11B6DA5CC00C8DF99 /* RatingsTests.xctest */ = {isa = PBXFileReference; explicitFileType = wrapper.cfbundle; includeInIndex = 0; path = RatingsTests.xctest; sourceTree = BUILT_PRODUCTS_DIR; };
		5C1443A61B6DA5CC00C8DF99 /* Info.plist */ = {isa = PBXFileReference; lastKnownFileType = text.plist.xml; path = Info.plist; sourceTree = "<group>"; };
		5C1443A71B6DA5CC00C8DF99 /* RatingsTests.swift */ = {isa = PBXFileReference; lastKnownFileType = sourcecode.swift; path = RatingsTests.swift; sourceTree = "<group>"; };
		5C1443B11B6E3D2E00C8DF99 /* Images */ = {isa = PBXFileReference; lastKnownFileType = folder; path = Images; sourceTree = "<group>"; };
		5C1443B31B6E425400C8DF99 /* PlayersTableViewController.swift */ = {isa = PBXFileReference; fileEncoding = 4; lastKnownFileType = sourcecode.swift; name = PlayersTableViewController.swift; path = ../PlayersTableViewController.swift; sourceTree = "<group>"; };
		5C1443B51B6E42F700C8DF99 /* Player.swift */ = {isa = PBXFileReference; fileEncoding = 4; lastKnownFileType = sourcecode.swift; path = Player.swift; sourceTree = "<group>"; };
/* End PBXFileReference section */

/* Begin PBXFrameworksBuildPhase section */
		5C1443891B6DA5CC00C8DF99 /* Frameworks */ = {
			isa = PBXFrameworksBuildPhase;
			buildActionMask = 2147483647;
			files = (
			);
			runOnlyForDeploymentPostprocessing = 0;
		};
		5C14439E1B6DA5CC00C8DF99 /* Frameworks */ = {
			isa = PBXFrameworksBuildPhase;
			buildActionMask = 2147483647;
			files = (
			);
			runOnlyForDeploymentPostprocessing = 0;
		};
/* End PBXFrameworksBuildPhase section */

/* Begin PBXGroup section */
		5C1443831B6DA5CC00C8DF99 = {
			isa = PBXGroup;
			children = (
				5C1443B11B6E3D2E00C8DF99 /* Images */,
				5C14438E1B6DA5CC00C8DF99 /* Ratings */,
				5C1443A41B6DA5CC00C8DF99 /* RatingsTests */,
				5C14438D1B6DA5CC00C8DF99 /* Products */,
			);
			sourceTree = "<group>";
		};
		5C14438D1B6DA5CC00C8DF99 /* Products */ = {
			isa = PBXGroup;
			children = (
				5C14438C1B6DA5CC00C8DF99 /* Ratings.app */,
				5C1443A11B6DA5CC00C8DF99 /* RatingsTests.xctest */,
			);
			name = Products;
			sourceTree = "<group>";
		};
		5C14438E1B6DA5CC00C8DF99 /* Ratings */ = {
			isa = PBXGroup;
			children = (
				5C1443B31B6E425400C8DF99 /* PlayersTableViewController.swift */,
				5C1443911B6DA5CC00C8DF99 /* AppDelegate.swift */,
				5C1443931B6DA5CC00C8DF99 /* ViewController.swift */,
				5C1443951B6DA5CC00C8DF99 /* Main.storyboard */,
				5C1443981B6DA5CC00C8DF99 /* Images.xcassets */,
				5C14439A1B6DA5CC00C8DF99 /* LaunchScreen.xib */,
				5C14438F1B6DA5CC00C8DF99 /* Supporting Files */,
				5C1443B51B6E42F700C8DF99 /* Player.swift */,
			);
			path = Ratings;
			sourceTree = "<group>";
		};
		5C14438F1B6DA5CC00C8DF99 /* Supporting Files */ = {
			isa = PBXGroup;
			children = (
				5C1443901B6DA5CC00C8DF99 /* Info.plist */,
			);
			name = "Supporting Files";
			sourceTree = "<group>";
		};
		5C1443A41B6DA5CC00C8DF99 /* RatingsTests */ = {
			isa = PBXGroup;
			children = (
				5C1443A71B6DA5CC00C8DF99 /* RatingsTests.swift */,
				5C1443A51B6DA5CC00C8DF99 /* Supporting Files */,
			);
			path = RatingsTests;
			sourceTree = "<group>";
		};
		5C1443A51B6DA5CC00C8DF99 /* Supporting Files */ = {
			isa = PBXGroup;
			children = (
				5C1443A61B6DA5CC00C8DF99 /* Info.plist */,
			);
			name = "Supporting Files";
			sourceTree = "<group>";
		};
/* End PBXGroup section */

/* Begin PBXNativeTarget section */
		5C14438B1B6DA5CC00C8DF99 /* Ratings */ = {
			isa = PBXNativeTarget;
			buildConfigurationList = 5C1443AB1B6DA5CC00C8DF99 /* Build configuration list for PBXNativeTarget "Ratings" */;
			buildPhases = (
				5C1443881B6DA5CC00C8DF99 /* Sources */,
				5C1443891B6DA5CC00C8DF99 /* Frameworks */,
				5C14438A1B6DA5CC00C8DF99 /* Resources */,
			);
			buildRules = (
			);
			dependencies = (
			);
			name = Ratings;
			productName = Ratings;
			productReference = 5C14438C1B6DA5CC00C8DF99 /* Ratings.app */;
			productType = "com.apple.product-type.application";
		};
		5C1443A01B6DA5CC00C8DF99 /* RatingsTests */ = {
			isa = PBXNativeTarget;
			buildConfigurationList = 5C1443AE1B6DA5CC00C8DF99 /* Build configuration list for PBXNativeTarget "RatingsTests" */;
			buildPhases = (
				5C14439D1B6DA5CC00C8DF99 /* Sources */,
				5C14439E1B6DA5CC00C8DF99 /* Frameworks */,
				5C14439F1B6DA5CC00C8DF99 /* Resources */,
			);
			buildRules = (
			);
			dependencies = (
				5C1443A31B6DA5CC00C8DF99 /* PBXTargetDependency */,
			);
			name = RatingsTests;
			productName = RatingsTests;
			productReference = 5C1443A11B6DA5CC00C8DF99 /* RatingsTests.xctest */;
			productType = "com.apple.product-type.bundle.unit-test";
		};
/* End PBXNativeTarget section */

/* Begin PBXProject section */
		5C1443841B6DA5CC00C8DF99 /* Project object */ = {
			isa = PBXProject;
			attributes = {
				LastUpgradeCheck = 0640;
				ORGANIZATIONNAME = sumangurung;
				TargetAttributes = {
					5C14438B1B6DA5CC00C8DF99 = {
						CreatedOnToolsVersion = 6.4;
					};
					5C1443A01B6DA5CC00C8DF99 = {
						CreatedOnToolsVersion = 6.4;
						TestTargetID = 5C14438B1B6DA5CC00C8DF99;
					};
				};
			};
			buildConfigurationList = 5C1443871B6DA5CC00C8DF99 /* Build configuration list for PBXProject "Ratings" */;
			compatibilityVersion = "Xcode 3.2";
			developmentRegion = English;
			hasScannedForEncodings = 0;
			knownRegions = (
				en,
				Base,
			);
			mainGroup = 5C1443831B6DA5CC00C8DF99;
			productRefGroup = 5C14438D1B6DA5CC00C8DF99 /* Products */;
			projectDirPath = "";
			projectRoot = "";
			targets = (
				5C14438B1B6DA5CC00C8DF99 /* Ratings */,
				5C1443A01B6DA5CC00C8DF99 /* RatingsTests */,
			);
		};
/* End PBXProject section */

/* Begin PBXResourcesBuildPhase section */
		5C14438A1B6DA5CC00C8DF99 /* Resources */ = {
			isa = PBXResourcesBuildPhase;
			buildActionMask = 2147483647;
			files = (
				5C1443B21B6E3D2E00C8DF99 /* Images in Resources */,
				5C1443971B6DA5CC00C8DF99 /* Main.storyboard in Resources */,
				5C14439C1B6DA5CC00C8DF99 /* LaunchScreen.xib in Resources */,
				5C1443991B6DA5CC00C8DF99 /* Images.xcassets in Resources */,
			);
			runOnlyForDeploymentPostprocessing = 0;
		};
		5C14439F1B6DA5CC00C8DF99 /* Resources */ = {
			isa = PBXResourcesBuildPhase;
			buildActionMask = 2147483647;
			files = (
			);
			runOnlyForDeploymentPostprocessing = 0;
		};
/* End PBXResourcesBuildPhase section */

/* Begin PBXSourcesBuildPhase section */
		5C1443881B6DA5CC00C8DF99 /* Sources */ = {
			isa = PBXSourcesBuildPhase;
			buildActionMask = 2147483647;
			files = (
				5C1443B61B6E42F700C8DF99 /* Player.swift in Sources */,
				5C1443941B6DA5CC00C8DF99 /* ViewController.swift in Sources */,
				5C1443921B6DA5CC00C8DF99 /* AppDelegate.swift in Sources */,
				5C1443B41B6E425400C8DF99 /* PlayersTableViewController.swift in Sources */,
			);
			runOnlyForDeploymentPostprocessing = 0;
		};
		5C14439D1B6DA5CC00C8DF99 /* Sources */ = {
			isa = PBXSourcesBuildPhase;
			buildActionMask = 2147483647;
			files = (
				5C1443A81B6DA5CC00C8DF99 /* RatingsTests.swift in Sources */,
			);
			runOnlyForDeploymentPostprocessing = 0;
		};
/* End PBXSourcesBuildPhase section */

/* Begin PBXTargetDependency section */
		5C1443A31B6DA5CC00C8DF99 /* PBXTargetDependency */ = {
			isa = PBXTargetDependency;
			target = 5C14438B1B6DA5CC00C8DF99 /* Ratings */;
			targetProxy = 5C1443A21B6DA5CC00C8DF99 /* PBXContainerItemProxy */;
		};
/* End PBXTargetDependency section */

/* Begin PBXVariantGroup section */
		5C1443951B6DA5CC00C8DF99 /* Main.storyboard */ = {
			isa = PBXVariantGroup;
			children = (
				5C1443961B6DA5CC00C8DF99 /* Base */,
			);
			name = Main.storyboard;
			sourceTree = "<group>";
		};
		5C14439A1B6DA5CC00C8DF99 /* LaunchScreen.xib */ = {
			isa = PBXVariantGroup;
			children = (
				5C14439B1B6DA5CC00C8DF99 /* Base */,
			);
			name = LaunchScreen.xib;
			sourceTree = "<group>";
		};
/* End PBXVariantGroup section */

/* Begin XCBuildConfiguration section */
		5C1443A91B6DA5CC00C8DF99 /* Debug */ = {
			isa = XCBuildConfiguration;
			buildSettings = {
				ALWAYS_SEARCH_USER_PATHS = NO;
				CLANG_CXX_LANGUAGE_STANDARD = "gnu++0x";
				CLANG_CXX_LIBRARY = "libc++";
				CLANG_ENABLE_MODULES = YES;
				CLANG_ENABLE_OBJC_ARC = YES;
				CLANG_WARN_BOOL_CONVERSION = YES;
				CLANG_WARN_CONSTANT_CONVERSION = YES;
				CLANG_WARN_DIRECT_OBJC_ISA_USAGE = YES_ERROR;
				CLANG_WARN_EMPTY_BODY = YES;
				CLANG_WARN_ENUM_CONVERSION = YES;
				CLANG_WARN_INT_CONVERSION = YES;
				CLANG_WARN_OBJC_ROOT_CLASS = YES_ERROR;
				CLANG_WARN_UNREACHABLE_CODE = YES;
				CLANG_WARN__DUPLICATE_METHOD_MATCH = YES;
				"CODE_SIGN_IDENTITY[sdk=iphoneos*]" = "iPhone Developer";
				COPY_PHASE_STRIP = NO;
				DEBUG_INFORMATION_FORMAT = "dwarf-with-dsym";
				ENABLE_STRICT_OBJC_MSGSEND = YES;
				GCC_C_LANGUAGE_STANDARD = gnu99;
				GCC_DYNAMIC_NO_PIC = NO;
				GCC_NO_COMMON_BLOCKS = YES;
				GCC_OPTIMIZATION_LEVEL = 0;
				GCC_PREPROCESSOR_DEFINITIONS = (
					"DEBUG=1",
					"$(inherited)",
				);
				GCC_SYMBOLS_PRIVATE_EXTERN = NO;
				GCC_WARN_64_TO_32_BIT_CONVERSION = YES;
				GCC_WARN_ABOUT_RETURN_TYPE = YES_ERROR;
				GCC_WARN_UNDECLARED_SELECTOR = YES;
				GCC_WARN_UNINITIALIZED_AUTOS = YES_AGGRESSIVE;
				GCC_WARN_UNUSED_FUNCTION = YES;
				GCC_WARN_UNUSED_VARIABLE = YES;
				IPHONEOS_DEPLOYMENT_TARGET = 8.4;
				MTL_ENABLE_DEBUG_INFO = YES;
				ONLY_ACTIVE_ARCH = YES;
				SDKROOT = iphoneos;
				SWIFT_OPTIMIZATION_LEVEL = "-Onone";
			};
			name = Debug;
		};
		5C1443AA1B6DA5CC00C8DF99 /* Release */ = {
			isa = XCBuildConfiguration;
			buildSettings = {
				ALWAYS_SEARCH_USER_PATHS = NO;
				CLANG_CXX_LANGUAGE_STANDARD = "gnu++0x";
				CLANG_CXX_LIBRARY = "libc++";
				CLANG_ENABLE_MODULES = YES;
				CLANG_ENABLE_OBJC_ARC = YES;
				CLANG_WARN_BOOL_CONVERSION = YES;
				CLANG_WARN_CONSTANT_CONVERSION = YES;
				CLANG_WARN_DIRECT_OBJC_ISA_USAGE = YES_ERROR;
				CLANG_WARN_EMPTY_BODY = YES;
				CLANG_WARN_ENUM_CONVERSION = YES;
				CLANG_WARN_INT_CONVERSION = YES;
				CLANG_WARN_OBJC_ROOT_CLASS = YES_ERROR;
				CLANG_WARN_UNREACHABLE_CODE = YES;
				CLANG_WARN__DUPLICATE_METHOD_MATCH = YES;
				"CODE_SIGN_IDENTITY[sdk=iphoneos*]" = "iPhone Developer";
				COPY_PHASE_STRIP = NO;
				DEBUG_INFORMATION_FORMAT = "dwarf-with-dsym";
				ENABLE_NS_ASSERTIONS = NO;
				ENABLE_STRICT_OBJC_MSGSEND = YES;
				GCC_C_LANGUAGE_STANDARD = gnu99;
				GCC_NO_COMMON_BLOCKS = YES;
				GCC_WARN_64_TO_32_BIT_CONVERSION = YES;
				GCC_WARN_ABOUT_RETURN_TYPE = YES_ERROR;
				GCC_WARN_UNDECLARED_SELECTOR = YES;
				GCC_WARN_UNINITIALIZED_AUTOS = YES_AGGRESSIVE;
				GCC_WARN_UNUSED_FUNCTION = YES;
				GCC_WARN_UNUSED_VARIABLE = YES;
				IPHONEOS_DEPLOYMENT_TARGET = 8.4;
				MTL_ENABLE_DEBUG_INFO = NO;
				SDKROOT = iphoneos;
				VALIDATE_PRODUCT = YES;
			};
			name = Release;
		};
		5C1443AC1B6DA5CC00C8DF99 /* Debug */ = {
			isa = XCBuildConfiguration;
			buildSettings = {
				ASSETCATALOG_COMPILER_APPICON_NAME = AppIcon;
				INFOPLIST_FILE = Ratings/Info.plist;
				LD_RUNPATH_SEARCH_PATHS = "$(inherited) @executable_path/Frameworks";
				PRODUCT_NAME = "$(TARGET_NAME)";
			};
			name = Debug;
		};
		5C1443AD1B6DA5CC00C8DF99 /* Release */ = {
			isa = XCBuildConfiguration;
			buildSettings = {
				ASSETCATALOG_COMPILER_APPICON_NAME = AppIcon;
				INFOPLIST_FILE = Ratings/Info.plist;
				LD_RUNPATH_SEARCH_PATHS = "$(inherited) @executable_path/Frameworks";
				PRODUCT_NAME = "$(TARGET_NAME)";
			};
			name = Release;
		};
		5C1443AF1B6DA5CC00C8DF99 /* Debug */ = {
			isa = XCBuildConfiguration;
			buildSettings = {
				BUNDLE_LOADER = "$(TEST_HOST)";
				FRAMEWORK_SEARCH_PATHS = (
					"$(SDKROOT)/Developer/Library/Frameworks",
					"$(inherited)",
				);
				GCC_PREPROCESSOR_DEFINITIONS = (
					"DEBUG=1",
					"$(inherited)",
				);
				INFOPLIST_FILE = RatingsTests/Info.plist;
				LD_RUNPATH_SEARCH_PATHS = "$(inherited) @executable_path/Frameworks @loader_path/Frameworks";
				PRODUCT_NAME = "$(TARGET_NAME)";
				TEST_HOST = "$(BUILT_PRODUCTS_DIR)/Ratings.app/Ratings";
			};
			name = Debug;
		};
		5C1443B01B6DA5CC00C8DF99 /* Release */ = {
			isa = XCBuildConfiguration;
			buildSettings = {
				BUNDLE_LOADER = "$(TEST_HOST)";
				FRAMEWORK_SEARCH_PATHS = (
					"$(SDKROOT)/Developer/Library/Frameworks",
					"$(inherited)",
				);
				INFOPLIST_FILE = RatingsTests/Info.plist;
				LD_RUNPATH_SEARCH_PATHS = "$(inherited) @executable_path/Frameworks @loader_path/Frameworks";
				PRODUCT_NAME = "$(TARGET_NAME)";
				TEST_HOST = "$(BUILT_PRODUCTS_DIR)/Ratings.app/Ratings";
			};
			name = Release;
		};
/* End XCBuildConfiguration section */

/* Begin XCConfigurationList section */
		5C1443871B6DA5CC00C8DF99 /* Build configuration list for PBXProject "Ratings" */ = {
			isa = XCConfigurationList;
			buildConfigurations = (
				5C1443A91B6DA5CC00C8DF99 /* Debug */,
				5C1443AA1B6DA5CC00C8DF99 /* Release */,
			);
			defaultConfigurationIsVisible = 0;
			defaultConfigurationName = Release;
		};
		5C1443AB1B6DA5CC00C8DF99 /* Build configuration list for PBXNativeTarget "Ratings" */ = {
			isa = XCConfigurationList;
			buildConfigurations = (
				5C1443AC1B6DA5CC00C8DF99 /* Debug */,
				5C1443AD1B6DA5CC00C8DF99 /* Release */,
			);
			defaultConfigurationIsVisible = 0;
		};
		5C1443AE1B6DA5CC00C8DF99 /* Build configuration list for PBXNativeTarget "RatingsTests" */ = {
			isa = XCConfigurationList;
			buildConfigurations = (
				5C1443AF1B6DA5CC00C8DF99 /* Debug */,
				5C1443B01B6DA5CC00C8DF99 /* Release */,
			);
			defaultConfigurationIsVisible = 0;
		};
/* End XCConfigurationList section */
	};
	rootObject = 5C1443841B6DA5CC00C8DF99 /* Project object */;
}
